
Microsoft Visual Studio Solution File, Format Version 12.00
# Visual Studio 15
VisualStudioVersion = 15.0.27703.2018
MinimumVisualStudioVersion = 10.0.40219.1
Project("{8BC9CEB8-8B4A-11D0-8D11-00A0C91BC942}") = "FreeRTOS", "..\libraries\FreeRTOS\FreeRTOS.vcxitems", "{216D3E33-021A-4BD1-93E9-8EA99EE382AA}"
EndProject
Project("{8BC9CEB8-8B4A-11D0-8D11-00A0C91BC942}") = "ScratchPad", "ScratchPad\ScratchPad.vcxproj", "{C5F80730-F44F-4478-BDAE-6634EFC2CA88}"
	ProjectSection(ProjectDependencies) = postProject
		{0C87FA96-7876-4B95-B048-06C95B892FE0} = {0C87FA96-7876-4B95-B048-06C95B892FE0}
	EndProjectSection
EndProject
Project("{8BC9CEB8-8B4A-11D0-8D11-00A0C91BC942}") = "LiquidCrystal", "..\libraries\LiquidCrystal\LiquidCrystal.vcxitems", "{71C8833B-DB48-45FC-BF91-791068C94FB0}"
EndProject
Project("{8BC9CEB8-8B4A-11D0-8D11-00A0C91BC942}") = "Wire", "..\..\ide\hardware\arduino\avr\libraries\Wire\Wire.vcxitems", "{50699B74-4B7A-418A-BCD4-33D264BFE581}"
EndProject
Project("{8BC9CEB8-8B4A-11D0-8D11-00A0C91BC942}") = "SD", "..\..\ide\libraries\SD\SD.vcxitems", "{FA968CF9-C643-4453-A136-BDED4E20B71A}"
EndProject
Project("{8BC9CEB8-8B4A-11D0-8D11-00A0C91BC942}") = "SPI", "..\..\ide\hardware\arduino\avr\libraries\SPI\SPI.vcxitems", "{6F81BC15-C478-45A4-A060-02D3EAC23A77}"
EndProject
Project("{8BC9CEB8-8B4A-11D0-8D11-00A0C91BC942}") = "TFT_ILI9163C", "..\libraries\TFT_ILI9163C\TFT_ILI9163C.vcxitems", "{D54DCAF9-3FA6-4F3E-BA92-BF67A8630607}"
EndProject
Project("{8BC9CEB8-8B4A-11D0-8D11-00A0C91BC942}") = "Adafruit_GFX_Library", "..\libraries\Adafruit_GFX_Library\Adafruit_GFX_Library.vcxitems", "{8C1A22A5-7653-42A6-B3DD-80639FA902D1}"
EndProject
Project("{8BC9CEB8-8B4A-11D0-8D11-00A0C91BC942}") = "NV10_back", "NV10_back\NV10_back.vcxproj", "{0C87FA96-7876-4B95-B048-06C95B892FE0}"
EndProject
Project("{8BC9CEB8-8B4A-11D0-8D11-00A0C91BC942}") = "MCP_CAN_lib", "..\libraries\MCP_CAN_lib\MCP_CAN_lib.vcxitems", "{146A1678-8B3D-4B0E-8961-45E2201A27DE}"
EndProject
Project("{2150E333-8FDC-42A3-9474-1A3956D46DE8}") = "NewFolder1", "NewFolder1", "{B731DFF7-A7B2-4F18-831B-D04250650B2F}"
EndProject
Global
	GlobalSection(SharedMSBuildProjectFiles) = preSolution
		..\..\ide\hardware\arduino\avr\libraries\SPI\SPI.vcxitems*{0c87fa96-7876-4b95-b048-06c95b892fe0}*SharedItemsImports = 4
		..\..\ide\hardware\arduino\avr\libraries\Wire\Wire.vcxitems*{0c87fa96-7876-4b95-b048-06c95b892fe0}*SharedItemsImports = 4
		..\libraries\FreeRTOS\FreeRTOS.vcxitems*{0c87fa96-7876-4b95-b048-06c95b892fe0}*SharedItemsImports = 4
		..\libraries\MCP_CAN_lib\MCP_CAN_lib.vcxitems*{146a1678-8b3d-4b0e-8961-45e2201a27de}*SharedItemsImports = 9
		..\libraries\FreeRTOS\FreeRTOS.vcxitems*{216d3e33-021a-4bd1-93e9-8ea99ee382aa}*SharedItemsImports = 9
		..\..\ide\hardware\arduino\avr\libraries\Wire\Wire.vcxitems*{50699b74-4b7a-418a-bcd4-33d264bfe581}*SharedItemsImports = 9
		..\..\ide\hardware\arduino\avr\libraries\SPI\SPI.vcxitems*{6f81bc15-c478-45a4-a060-02d3eac23a77}*SharedItemsImports = 9
		..\libraries\LiquidCrystal\LiquidCrystal.vcxitems*{71c8833b-db48-45fc-bf91-791068c94fb0}*SharedItemsImports = 9
		..\libraries\Adafruit_GFX_Library\Adafruit_GFX_Library.vcxitems*{8c1a22a5-7653-42a6-b3dd-80639fa902d1}*SharedItemsImports = 9
		..\libraries\TFT_ILI9163C\TFT_ILI9163C.vcxitems*{d54dcaf9-3fa6-4f3e-ba92-bf67a8630607}*SharedItemsImports = 9
		..\..\ide\libraries\SD\SD.vcxitems*{fa968cf9-c643-4453-a136-bded4e20b71a}*SharedItemsImports = 9
	EndGlobalSection
	GlobalSection(SolutionConfigurationPlatforms) = preSolution
		Debug|x86 = Debug|x86
		Release|x86 = Release|x86
	EndGlobalSection
	GlobalSection(ProjectConfigurationPlatforms) = postSolution
		{C5F80730-F44F-4478-BDAE-6634EFC2CA88}.Debug|x86.ActiveCfg = Debug|Win32
		{C5F80730-F44F-4478-BDAE-6634EFC2CA88}.Debug|x86.Build.0 = Debug|Win32
		{C5F80730-F44F-4478-BDAE-6634EFC2CA88}.Release|x86.ActiveCfg = Release|Win32
		{C5F80730-F44F-4478-BDAE-6634EFC2CA88}.Release|x86.Build.0 = Release|Win32
		{0C87FA96-7876-4B95-B048-06C95B892FE0}.Debug|x86.ActiveCfg = Debug|Win32
		{0C87FA96-7876-4B95-B048-06C95B892FE0}.Debug|x86.Build.0 = Debug|Win32
		{0C87FA96-7876-4B95-B048-06C95B892FE0}.Release|x86.ActiveCfg = Release|Win32
		{0C87FA96-7876-4B95-B048-06C95B892FE0}.Release|x86.Build.0 = Release|Win32
	EndGlobalSection
	GlobalSection(SolutionProperties) = preSolution
		HideSolutionNode = FALSE
	EndGlobalSection
	GlobalSection(NestedProjects) = preSolution
		{216D3E33-021A-4BD1-93E9-8EA99EE382AA} = {B731DFF7-A7B2-4F18-831B-D04250650B2F}
		{71C8833B-DB48-45FC-BF91-791068C94FB0} = {B731DFF7-A7B2-4F18-831B-D04250650B2F}
		{50699B74-4B7A-418A-BCD4-33D264BFE581} = {B731DFF7-A7B2-4F18-831B-D04250650B2F}
		{FA968CF9-C643-4453-A136-BDED4E20B71A} = {B731DFF7-A7B2-4F18-831B-D04250650B2F}
		{6F81BC15-C478-45A4-A060-02D3EAC23A77} = {B731DFF7-A7B2-4F18-831B-D04250650B2F}
		{D54DCAF9-3FA6-4F3E-BA92-BF67A8630607} = {B731DFF7-A7B2-4F18-831B-D04250650B2F}
		{8C1A22A5-7653-42A6-B3DD-80639FA902D1} = {B731DFF7-A7B2-4F18-831B-D04250650B2F}
		{146A1678-8B3D-4B0E-8961-45E2201A27DE} = {B731DFF7-A7B2-4F18-831B-D04250650B2F}
	EndGlobalSection
	GlobalSection(ExtensibilityGlobals) = postSolution
		SolutionGuid = {D50621B3-45DA-4D63-A156-3461EB4C4703}
	EndGlobalSection
EndGlobal
