
Microsoft Visual Studio Solution File, Format Version 12.00
# Visual Studio 15
VisualStudioVersion = 15.0.27703.2018
MinimumVisualStudioVersion = 10.0.40219.1
Project("{8BC9CEB8-8B4A-11D0-8D11-00A0C91BC942}") = "LiquidCrystal", "..\libraries\LiquidCrystal\LiquidCrystal.vcxitems", "{71C8833B-DB48-45FC-BF91-791068C94FB0}"
EndProject
Project("{8BC9CEB8-8B4A-11D0-8D11-00A0C91BC942}") = "Wire", "..\..\ide\hardware\arduino\avr\libraries\Wire\Wire.vcxitems", "{50699B74-4B7A-418A-BCD4-33D264BFE581}"
EndProject
Project("{8BC9CEB8-8B4A-11D0-8D11-00A0C91BC942}") = "SPI_AVR", "..\..\ide\hardware\arduino\avr\libraries\SPI\SPI.vcxitems", "{6F81BC15-C478-45A4-A060-02D3EAC23A77}"
EndProject
Project("{8BC9CEB8-8B4A-11D0-8D11-00A0C91BC942}") = "Adafruit_GFX_Library", "..\libraries\Adafruit_GFX_Library\Adafruit_GFX_Library.vcxitems", "{8C1A22A5-7653-42A6-B3DD-80639FA902D1}"
EndProject
Project("{2150E333-8FDC-42A3-9474-1A3956D46DE8}") = "Dependencies", "Dependencies", "{B731DFF7-A7B2-4F18-831B-D04250650B2F}"
EndProject
Project("{2150E333-8FDC-42A3-9474-1A3956D46DE8}") = "Test Suites", "Test Suites", "{D73944EA-C027-4B9A-B26C-CF8857527539}"
EndProject
Project("{8BC9CEB8-8B4A-11D0-8D11-00A0C91BC942}") = "ILI9488", "..\libraries\ILI9488\ILI9488.vcxitems", "{5C6172FD-CE53-4A19-9733-98B83ADDEEF5}"
EndProject
Project("{8BC9CEB8-8B4A-11D0-8D11-00A0C91BC942}") = "SPI_ARM", "..\..\ide\portable\packages\arduino\hardware\sam\1.6.11\libraries\SPI\SPI.vcxitems", "{7E88A9AC-293C-43D8-8ACA-7D6B1F56531F}"
EndProject
Project("{8BC9CEB8-8B4A-11D0-8D11-00A0C91BC942}") = "FreeRTOS_ARM", "..\libraries\FreeRTOS_ARM\FreeRTOS_ARM.vcxitems", "{1A2BB78A-9AB3-45B7-ABFC-2430B4752132}"
EndProject
Project("{8BC9CEB8-8B4A-11D0-8D11-00A0C91BC942}") = "Wire_ARM", "..\..\ide\portable\packages\arduino\hardware\sam\1.6.11\libraries\Wire\Wire.vcxitems", "{A7192E66-F105-4569-885C-47923CD5F91A}"
EndProject
Project("{8BC9CEB8-8B4A-11D0-8D11-00A0C91BC942}") = "FreeRTOS_AVR", "..\libraries\FreeRTOS_AVR\FreeRTOS_AVR.vcxitems", "{2E764FB8-A6C5-413E-BC90-5DD0D0DD1DB8}"
EndProject
Project("{8BC9CEB8-8B4A-11D0-8D11-00A0C91BC942}") = "FreeRTOS", "..\libraries\FreeRTOS\FreeRTOS.vcxitems", "{216D3E33-021A-4BD1-93E9-8EA99EE382AA}"
EndProject
Project("{8BC9CEB8-8B4A-11D0-8D11-00A0C91BC942}") = "CANtoSerial_UNO", "Arduino\CANtoSerial_UNO\CANtoSerial_UNO.vcxproj", "{7ED24BF0-127D-4FC9-843E-85D8BA0529C7}"
EndProject
Project("{8BC9CEB8-8B4A-11D0-8D11-00A0C91BC942}") = "NV10_front_MEGA", "Arduino\NV10_front_MEGA\NV10_front_MEGA.vcxproj", "{E0F75AC7-15BB-4C7A-98CD-37A96C9641A3}"
EndProject
Project("{8BC9CEB8-8B4A-11D0-8D11-00A0C91BC942}") = "NV10_dashboard_DUE", "Arduino\NV10_dashboard_DUE\NV10_dashboard_DUE.vcxproj", "{3313DEBC-FD6F-45C2-A323-B7F691565980}"
EndProject
Project("{8BC9CEB8-8B4A-11D0-8D11-00A0C91BC942}") = "NV10_back_MEGA", "Arduino\NV10_back_MEGA\NV10_back_MEGA.vcxproj", "{8B3A2447-325C-473E-A84C-45B578507BD3}"
EndProject
Project("{8BC9CEB8-8B4A-11D0-8D11-00A0C91BC942}") = "MCP_CAN_lib", "..\libraries\MCP_CAN_lib\MCP_CAN_lib.vcxitems", "{BF888B28-EEF3-4922-A68F-36A1FD54B965}"
EndProject
Project("{8BC9CEB8-8B4A-11D0-8D11-00A0C91BC942}") = "MemoryFree", "..\libraries\MemoryFree\MemoryFree.vcxitems", "{86486CE1-3D43-4D25-8616-4E6372AC1896}"
EndProject
Project("{8BC9CEB8-8B4A-11D0-8D11-00A0C91BC942}") = "Adafruit_NeoPixel", "..\libraries\Adafruit_NeoPixel\Adafruit_NeoPixel.vcxitems", "{34BA6DAD-9412-4277-92F0-C1477FF871D3}"
EndProject
Project("{8BC9CEB8-8B4A-11D0-8D11-00A0C91BC942}") = "CAN_Serializer", "Arduino\libraries\CAN_Serializer\CAN_Serializer.vcxitems", "{D0053034-7EF4-451E-B6FA-BB852A3B0799}"
EndProject
Project("{8BC9CEB8-8B4A-11D0-8D11-00A0C91BC942}") = "SdFat", "..\libraries\SdFat\SdFat.vcxitems", "{6E24D44F-07AF-4D66-8240-E716CC5AEA32}"
EndProject
Project("{8BC9CEB8-8B4A-11D0-8D11-00A0C91BC942}") = "CANduplex_front_shield", "Arduino\#TestSuites\CANduplex_front_shield\CANduplex_front_shield.vcxproj", "{C5F80730-F44F-4478-BDAE-6634EFC2CA88}"
EndProject
Project("{8BC9CEB8-8B4A-11D0-8D11-00A0C91BC942}") = "DUE_screen_test", "Arduino\#TestSuites\DUE_screen_test\DUE_screen_test.vcxproj", "{6D4787D1-DF84-488E-9DCE-5608BC9B2777}"
EndProject
Project("{8BC9CEB8-8B4A-11D0-8D11-00A0C91BC942}") = "CANduplex_spare_shield", "Arduino\#TestSuites\CANduplex_spare_shield\CANduplex_spare_shield.vcxproj", "{DF811E8F-266F-4E9B-A5B4-19A51BB4D3A3}"
EndProject
Project("{8BC9CEB8-8B4A-11D0-8D11-00A0C91BC942}") = "DUE_button_test", "Arduino\#TestSuites\DUE_button_test\DUE_button_test.vcxproj", "{4254DB7E-9BC7-47A6-80CC-7BA1F6B08D94}"
EndProject
Project("{8BC9CEB8-8B4A-11D0-8D11-00A0C91BC942}") = "DUE_button_test_raw", "Arduino\#TestSuites\DUE_button_test_raw\DUE_button_test_raw.vcxproj", "{6CF4F45B-435C-4BBE-97B3-2CE1F675D4EB}"
EndProject
Project("{8BC9CEB8-8B4A-11D0-8D11-00A0C91BC942}") = "DUE_comms_test", "Arduino\#TestSuites\DUE_comms_test\DUE_comms_test.vcxproj", "{F9A998B9-2CA2-4FD8-96A2-47EF21A39392}"
EndProject
Global
	GlobalSection(SharedMSBuildProjectFiles) = preSolution
		..\libraries\FreeRTOS_ARM\FreeRTOS_ARM.vcxitems*{1a2bb78a-9ab3-45b7-abfc-2430b4752132}*SharedItemsImports = 9
		..\libraries\FreeRTOS\FreeRTOS.vcxitems*{216d3e33-021a-4bd1-93e9-8ea99ee382aa}*SharedItemsImports = 9
		..\libraries\FreeRTOS_AVR\FreeRTOS_AVR.vcxitems*{2e764fb8-a6c5-413e-bc90-5dd0d0dd1db8}*SharedItemsImports = 9
		..\..\ide\portable\packages\arduino\hardware\sam\1.6.11\libraries\SPI\SPI.vcxitems*{3313debc-fd6f-45c2-a323-b7f691565980}*SharedItemsImports = 4
		..\libraries\Adafruit_GFX_Library\Adafruit_GFX_Library.vcxitems*{3313debc-fd6f-45c2-a323-b7f691565980}*SharedItemsImports = 4
		..\libraries\FreeRTOS_ARM\FreeRTOS_ARM.vcxitems*{3313debc-fd6f-45c2-a323-b7f691565980}*SharedItemsImports = 4
		..\libraries\ILI9488\ILI9488.vcxitems*{3313debc-fd6f-45c2-a323-b7f691565980}*SharedItemsImports = 4
		Arduino\libraries\CAN_Serializer\CAN_Serializer.vcxitems*{3313debc-fd6f-45c2-a323-b7f691565980}*SharedItemsImports = 4
		..\libraries\Adafruit_NeoPixel\Adafruit_NeoPixel.vcxitems*{34ba6dad-9412-4277-92f0-c1477ff871d3}*SharedItemsImports = 9
		..\..\ide\hardware\arduino\avr\libraries\Wire\Wire.vcxitems*{50699b74-4b7a-418a-bcd4-33d264bfe581}*SharedItemsImports = 9
		..\libraries\ILI9488\ILI9488.vcxitems*{5c6172fd-ce53-4a19-9733-98b83addeef5}*SharedItemsImports = 9
		..\libraries\SdFat\SdFat.vcxitems*{6e24d44f-07af-4d66-8240-e716cc5aea32}*SharedItemsImports = 9
		..\..\ide\hardware\arduino\avr\libraries\SPI\SPI.vcxitems*{6f81bc15-c478-45a4-a060-02d3eac23a77}*SharedItemsImports = 9
		..\libraries\LiquidCrystal\LiquidCrystal.vcxitems*{71c8833b-db48-45fc-bf91-791068c94fb0}*SharedItemsImports = 9
		..\..\ide\portable\packages\arduino\hardware\sam\1.6.11\libraries\SPI\SPI.vcxitems*{7e88a9ac-293c-43d8-8aca-7d6b1f56531f}*SharedItemsImports = 9
		..\libraries\MemoryFree\MemoryFree.vcxitems*{7ed24bf0-127d-4fc9-843e-85d8ba0529c7}*SharedItemsImports = 4
		Arduino\libraries\CAN_Serializer\CAN_Serializer.vcxitems*{7ed24bf0-127d-4fc9-843e-85d8ba0529c7}*SharedItemsImports = 4
		..\libraries\MemoryFree\MemoryFree.vcxitems*{86486ce1-3d43-4d25-8616-4e6372ac1896}*SharedItemsImports = 9
		..\..\ide\hardware\arduino\avr\libraries\SPI\SPI.vcxitems*{8b3a2447-325c-473e-a84c-45b578507bd3}*SharedItemsImports = 4
		..\libraries\Adafruit_NeoPixel\Adafruit_NeoPixel.vcxitems*{8b3a2447-325c-473e-a84c-45b578507bd3}*SharedItemsImports = 4
		..\libraries\SdFat\SdFat.vcxitems*{8b3a2447-325c-473e-a84c-45b578507bd3}*SharedItemsImports = 4
		Arduino\libraries\CAN_Serializer\CAN_Serializer.vcxitems*{8b3a2447-325c-473e-a84c-45b578507bd3}*SharedItemsImports = 4
		..\libraries\Adafruit_GFX_Library\Adafruit_GFX_Library.vcxitems*{8c1a22a5-7653-42a6-b3dd-80639fa902d1}*SharedItemsImports = 9
		..\..\ide\portable\packages\arduino\hardware\sam\1.6.11\libraries\Wire\Wire.vcxitems*{a7192e66-f105-4569-885c-47923cd5f91a}*SharedItemsImports = 9
		..\libraries\MCP_CAN_lib\MCP_CAN_lib.vcxitems*{bf888b28-eef3-4922-a68f-36a1fd54b965}*SharedItemsImports = 9
		Arduino\libraries\CAN_Serializer\CAN_Serializer.vcxitems*{d0053034-7ef4-451e-b6fa-bb852a3b0799}*SharedItemsImports = 9
		..\libraries\FreeRTOS\FreeRTOS.vcxitems*{e0f75ac7-15bb-4c7a-98cd-37a96c9641a3}*SharedItemsImports = 4
		Arduino\libraries\CAN_Serializer\CAN_Serializer.vcxitems*{e0f75ac7-15bb-4c7a-98cd-37a96c9641a3}*SharedItemsImports = 4
	EndGlobalSection
	GlobalSection(SolutionConfigurationPlatforms) = preSolution
		Debug|x64 = Debug|x64
		Debug|x86 = Debug|x86
		Release|x64 = Release|x64
		Release|x86 = Release|x86
	EndGlobalSection
	GlobalSection(ProjectConfigurationPlatforms) = postSolution
		{7ED24BF0-127D-4FC9-843E-85D8BA0529C7}.Debug|x64.ActiveCfg = Debug|Win32
		{7ED24BF0-127D-4FC9-843E-85D8BA0529C7}.Debug|x86.ActiveCfg = Debug|Win32
		{7ED24BF0-127D-4FC9-843E-85D8BA0529C7}.Debug|x86.Build.0 = Debug|Win32
		{7ED24BF0-127D-4FC9-843E-85D8BA0529C7}.Release|x64.ActiveCfg = Release|Win32
		{7ED24BF0-127D-4FC9-843E-85D8BA0529C7}.Release|x86.ActiveCfg = Release|Win32
		{7ED24BF0-127D-4FC9-843E-85D8BA0529C7}.Release|x86.Build.0 = Release|Win32
		{E0F75AC7-15BB-4C7A-98CD-37A96C9641A3}.Debug|x64.ActiveCfg = Debug|Win32
		{E0F75AC7-15BB-4C7A-98CD-37A96C9641A3}.Debug|x86.ActiveCfg = Debug|Win32
		{E0F75AC7-15BB-4C7A-98CD-37A96C9641A3}.Debug|x86.Build.0 = Debug|Win32
		{E0F75AC7-15BB-4C7A-98CD-37A96C9641A3}.Release|x64.ActiveCfg = Release|Win32
		{E0F75AC7-15BB-4C7A-98CD-37A96C9641A3}.Release|x86.ActiveCfg = Release|Win32
		{E0F75AC7-15BB-4C7A-98CD-37A96C9641A3}.Release|x86.Build.0 = Release|Win32
		{3313DEBC-FD6F-45C2-A323-B7F691565980}.Debug|x64.ActiveCfg = Debug|Win32
		{3313DEBC-FD6F-45C2-A323-B7F691565980}.Debug|x86.ActiveCfg = Debug|Win32
		{3313DEBC-FD6F-45C2-A323-B7F691565980}.Debug|x86.Build.0 = Debug|Win32
		{3313DEBC-FD6F-45C2-A323-B7F691565980}.Release|x64.ActiveCfg = Release|Win32
		{3313DEBC-FD6F-45C2-A323-B7F691565980}.Release|x86.ActiveCfg = Release|Win32
		{3313DEBC-FD6F-45C2-A323-B7F691565980}.Release|x86.Build.0 = Release|Win32
		{8B3A2447-325C-473E-A84C-45B578507BD3}.Debug|x64.ActiveCfg = Debug|Win32
		{8B3A2447-325C-473E-A84C-45B578507BD3}.Debug|x86.ActiveCfg = Debug|Win32
		{8B3A2447-325C-473E-A84C-45B578507BD3}.Debug|x86.Build.0 = Debug|Win32
		{8B3A2447-325C-473E-A84C-45B578507BD3}.Release|x64.ActiveCfg = Release|Win32
		{8B3A2447-325C-473E-A84C-45B578507BD3}.Release|x86.ActiveCfg = Release|Win32
		{8B3A2447-325C-473E-A84C-45B578507BD3}.Release|x86.Build.0 = Release|Win32
		{C5F80730-F44F-4478-BDAE-6634EFC2CA88}.Debug|x64.ActiveCfg = Debug|Win32
		{C5F80730-F44F-4478-BDAE-6634EFC2CA88}.Debug|x86.ActiveCfg = Debug|Win32
		{C5F80730-F44F-4478-BDAE-6634EFC2CA88}.Debug|x86.Build.0 = Debug|Win32
		{C5F80730-F44F-4478-BDAE-6634EFC2CA88}.Release|x64.ActiveCfg = Release|Win32
		{C5F80730-F44F-4478-BDAE-6634EFC2CA88}.Release|x86.ActiveCfg = Release|Win32
		{C5F80730-F44F-4478-BDAE-6634EFC2CA88}.Release|x86.Build.0 = Release|Win32
		{6D4787D1-DF84-488E-9DCE-5608BC9B2777}.Debug|x64.ActiveCfg = Debug|Win32
		{6D4787D1-DF84-488E-9DCE-5608BC9B2777}.Debug|x86.ActiveCfg = Debug|Win32
		{6D4787D1-DF84-488E-9DCE-5608BC9B2777}.Debug|x86.Build.0 = Debug|Win32
		{6D4787D1-DF84-488E-9DCE-5608BC9B2777}.Release|x64.ActiveCfg = Release|Win32
		{6D4787D1-DF84-488E-9DCE-5608BC9B2777}.Release|x86.ActiveCfg = Release|Win32
		{6D4787D1-DF84-488E-9DCE-5608BC9B2777}.Release|x86.Build.0 = Release|Win32
		{DF811E8F-266F-4E9B-A5B4-19A51BB4D3A3}.Debug|x64.ActiveCfg = Debug|Win32
		{DF811E8F-266F-4E9B-A5B4-19A51BB4D3A3}.Debug|x86.ActiveCfg = Debug|Win32
		{DF811E8F-266F-4E9B-A5B4-19A51BB4D3A3}.Debug|x86.Build.0 = Debug|Win32
		{DF811E8F-266F-4E9B-A5B4-19A51BB4D3A3}.Release|x64.ActiveCfg = Release|Win32
		{DF811E8F-266F-4E9B-A5B4-19A51BB4D3A3}.Release|x86.ActiveCfg = Release|Win32
		{DF811E8F-266F-4E9B-A5B4-19A51BB4D3A3}.Release|x86.Build.0 = Release|Win32
		{4254DB7E-9BC7-47A6-80CC-7BA1F6B08D94}.Debug|x64.ActiveCfg = Debug|Win32
		{4254DB7E-9BC7-47A6-80CC-7BA1F6B08D94}.Debug|x86.ActiveCfg = Debug|Win32
		{4254DB7E-9BC7-47A6-80CC-7BA1F6B08D94}.Debug|x86.Build.0 = Debug|Win32
		{4254DB7E-9BC7-47A6-80CC-7BA1F6B08D94}.Release|x64.ActiveCfg = Release|Win32
		{4254DB7E-9BC7-47A6-80CC-7BA1F6B08D94}.Release|x86.ActiveCfg = Release|Win32
		{4254DB7E-9BC7-47A6-80CC-7BA1F6B08D94}.Release|x86.Build.0 = Release|Win32
		{6CF4F45B-435C-4BBE-97B3-2CE1F675D4EB}.Debug|x64.ActiveCfg = Debug|Win32
		{6CF4F45B-435C-4BBE-97B3-2CE1F675D4EB}.Debug|x86.ActiveCfg = Debug|Win32
		{6CF4F45B-435C-4BBE-97B3-2CE1F675D4EB}.Debug|x86.Build.0 = Debug|Win32
		{6CF4F45B-435C-4BBE-97B3-2CE1F675D4EB}.Release|x64.ActiveCfg = Release|Win32
		{6CF4F45B-435C-4BBE-97B3-2CE1F675D4EB}.Release|x86.ActiveCfg = Release|Win32
		{6CF4F45B-435C-4BBE-97B3-2CE1F675D4EB}.Release|x86.Build.0 = Release|Win32
		{F9A998B9-2CA2-4FD8-96A2-47EF21A39392}.Debug|x64.ActiveCfg = Debug|Win32
		{F9A998B9-2CA2-4FD8-96A2-47EF21A39392}.Debug|x86.ActiveCfg = Debug|Win32
		{F9A998B9-2CA2-4FD8-96A2-47EF21A39392}.Debug|x86.Build.0 = Debug|Win32
		{F9A998B9-2CA2-4FD8-96A2-47EF21A39392}.Release|x64.ActiveCfg = Release|Win32
		{F9A998B9-2CA2-4FD8-96A2-47EF21A39392}.Release|x86.ActiveCfg = Release|Win32
		{F9A998B9-2CA2-4FD8-96A2-47EF21A39392}.Release|x86.Build.0 = Release|Win32
	EndGlobalSection
	GlobalSection(SolutionProperties) = preSolution
		HideSolutionNode = FALSE
	EndGlobalSection
	GlobalSection(NestedProjects) = preSolution
		{71C8833B-DB48-45FC-BF91-791068C94FB0} = {B731DFF7-A7B2-4F18-831B-D04250650B2F}
		{50699B74-4B7A-418A-BCD4-33D264BFE581} = {B731DFF7-A7B2-4F18-831B-D04250650B2F}
		{6F81BC15-C478-45A4-A060-02D3EAC23A77} = {B731DFF7-A7B2-4F18-831B-D04250650B2F}
		{8C1A22A5-7653-42A6-B3DD-80639FA902D1} = {B731DFF7-A7B2-4F18-831B-D04250650B2F}
		{5C6172FD-CE53-4A19-9733-98B83ADDEEF5} = {B731DFF7-A7B2-4F18-831B-D04250650B2F}
		{7E88A9AC-293C-43D8-8ACA-7D6B1F56531F} = {B731DFF7-A7B2-4F18-831B-D04250650B2F}
		{1A2BB78A-9AB3-45B7-ABFC-2430B4752132} = {B731DFF7-A7B2-4F18-831B-D04250650B2F}
		{A7192E66-F105-4569-885C-47923CD5F91A} = {B731DFF7-A7B2-4F18-831B-D04250650B2F}
		{2E764FB8-A6C5-413E-BC90-5DD0D0DD1DB8} = {B731DFF7-A7B2-4F18-831B-D04250650B2F}
		{216D3E33-021A-4BD1-93E9-8EA99EE382AA} = {B731DFF7-A7B2-4F18-831B-D04250650B2F}
		{BF888B28-EEF3-4922-A68F-36A1FD54B965} = {B731DFF7-A7B2-4F18-831B-D04250650B2F}
		{86486CE1-3D43-4D25-8616-4E6372AC1896} = {B731DFF7-A7B2-4F18-831B-D04250650B2F}
		{34BA6DAD-9412-4277-92F0-C1477FF871D3} = {B731DFF7-A7B2-4F18-831B-D04250650B2F}
		{D0053034-7EF4-451E-B6FA-BB852A3B0799} = {B731DFF7-A7B2-4F18-831B-D04250650B2F}
		{6E24D44F-07AF-4D66-8240-E716CC5AEA32} = {B731DFF7-A7B2-4F18-831B-D04250650B2F}
		{C5F80730-F44F-4478-BDAE-6634EFC2CA88} = {D73944EA-C027-4B9A-B26C-CF8857527539}
		{6D4787D1-DF84-488E-9DCE-5608BC9B2777} = {D73944EA-C027-4B9A-B26C-CF8857527539}
		{DF811E8F-266F-4E9B-A5B4-19A51BB4D3A3} = {D73944EA-C027-4B9A-B26C-CF8857527539}
		{4254DB7E-9BC7-47A6-80CC-7BA1F6B08D94} = {D73944EA-C027-4B9A-B26C-CF8857527539}
		{6CF4F45B-435C-4BBE-97B3-2CE1F675D4EB} = {D73944EA-C027-4B9A-B26C-CF8857527539}
		{F9A998B9-2CA2-4FD8-96A2-47EF21A39392} = {D73944EA-C027-4B9A-B26C-CF8857527539}
	EndGlobalSection
	GlobalSection(ExtensibilityGlobals) = postSolution
		SolutionGuid = {D50621B3-45DA-4D63-A156-3461EB4C4703}
	EndGlobalSection
EndGlobal
